
Microsoft Visual Studio Solution File, Format Version 12.00
# Visual Studio Version 17
VisualStudioVersion = 17.10.35201.131
MinimumVisualStudioVersion = 10.0.40219.1
Project("{FAE04EC0-301F-11D3-BF4B-00C04F79EFBC}") = "ProEventos.API", "ProEventos.API.csproj", "{3486257A-3131-40A2-B441-3D13B17E461A}"
EndProject
Global
	GlobalSection(SolutionConfigurationPlatforms) = preSolution
		Debug|Any CPU = Debug|Any CPU
		Release|Any CPU = Release|Any CPU
	EndGlobalSection
	GlobalSection(ProjectConfigurationPlatforms) = postSolution
		{3486257A-3131-40A2-B441-3D13B17E461A}.Debug|Any CPU.ActiveCfg = Debug|Any CPU
		{3486257A-3131-40A2-B441-3D13B17E461A}.Debug|Any CPU.Build.0 = Debug|Any CPU
		{3486257A-3131-40A2-B441-3D13B17E461A}.Release|Any CPU.ActiveCfg = Release|Any CPU
		{3486257A-3131-40A2-B441-3D13B17E461A}.Release|Any CPU.Build.0 = Release|Any CPU
	EndGlobalSection
	GlobalSection(SolutionProperties) = preSolution
		HideSolutionNode = FALSE
	EndGlobalSection
	GlobalSection(ExtensibilityGlobals) = postSolution
		SolutionGuid = {1D09F6C1-E6ED-441F-8837-4D918906CAB2}
	EndGlobalSection
EndGlobal
